{
    "_meta": {
        "hash": {
            "sha256": "9f9ee4c14461eb184959db20206026748b797b7b26bee7a6f10d208d88bdbd6c"
        },
        "pipfile-spec": 6,
        "requires": {
            "python_version": "3.5"
        },
        "sources": [
            {
                "name": "pypi",
                "url": "https://pypi.org/simple",
                "verify_ssl": true
            }
        ]
    },
    "default": {
        "numpy": {
            "hashes": [
                "sha256:08bf4f66f190822f4642e036accde8da810b87fffc0b9409e7a00d9e54760099",
                "sha256:1680c8d5086a88d293dfd1a10b6429a09140cacee878034fa2308472ec835db4",
                "sha256:23cad5e5858dfb73c0e5bce03fe78e5e5908c22263156c58d4afdbb240683c6c",
                "sha256:345b1748e6b0d4773a518868c783b16fdc33a22683bdb863484cd29fe8d206e6",
                "sha256:34e6bb44e3d9a663f903b8c297ede865b4dff039aa43cc9a0b249e02c27f1396",
                "sha256:390f6e14a8d73591f086680464aa101a9be9187d0c633f48c98b429b31b712c2",
                "sha256:3f423b06bf67cd1dbf72e13e9b53a9ca71972e5abf712ee6cb5d8cbb178fff02",
                "sha256:55cae40d2024c56e7b79fb070106cb4289dcc6b55c62dba1d89a6944448c6a53",
                "sha256:60c56922c9d759d664078fbef94132377ef1498ab27dd3d0cc7a21b346e68c06",
                "sha256:6b1853364775edb85ceb0f7f8214d9e993d4d1d9bd3310eae80529ea14ba2ba6",
                "sha256:77399828d96cca386bfba453025c34f22569909d90332b961d3d4341cdb46a84",
                "sha256:7a5a1f49a643aa1ab3e0579da0a48b8a48ea4369eb63c5065459d0a37f430237",
                "sha256:817eed5a6ec2fc9c1a0ee3fbf9a441c66b6766383580513ccbdf3121acc0b4fb",
                "sha256:97ddfa7688295d460ee48a4d76337e9fdd2506d9d1d0eee7f0348b42b430da4c",
                "sha256:9bb690692f3101583b0b99f3be362742e4f8ebe6c7934fa36cd8ca2b567a0bcc",
                "sha256:a1772dc227e3e415eeaa646d25690dc854bddc3d626e454c7c27acba060cb900",
                "sha256:a1ffc9c770ccc2be9284310a3726c918b26ca19b34c0079e7a41aba950ab175f",
                "sha256:a4383edb1b8caa989c3541a37ef204916322c503b8eeacc7ee8f4ba24cac97b8",
                "sha256:b9e334568ca1bf56598eddfac6db6a75bcf1c91aa90d598648f21e45207daeae",
                "sha256:c9fb4fcfcdcaccfe2c4e1f9e0133ed59df5df2aa3655f3d391887e892b0a784c",
                "sha256:d3c5377c6122de876e695937ef41ffee5d2831154c5e4856481b93406cdfeecb",
                "sha256:d759ca1b76ac6f6b6159fb74984126035feb1dee9f68b4b961889b6dc090f33a",
                "sha256:e5cf3fdf13401885e8eea8170624ec96225e2174eb0c611c6f26dd33b489e3ff"
            ],
            "index": "pypi",
            "version": "==1.16.6"
        },
        "pydicom": {
            "hashes": [
                "sha256:9488495a9f3e202d1219f7cb165aee0de31efd512d938c0226d34147ce860391",
                "sha256:f315ba2296346f4f9913c269618201e170b9326362e2ada6041ca91b7cb2117b"
            ],
            "index": "pypi",
            "version": "==1.4.2"
        },
        "simpleitk": {
            "hashes": [
                "sha256:0d5b60a090bd978b63238a77b97e4aaf109499048ff7a50b23c0dc9159abfb37",
                "sha256:124482011dedef350860ed0d76dcf9cd35d75455d424a2922e6c8d527c716fd6",
                "sha256:1be0eb4f33f99618829a94bd86e850df1203edbbd13ccca91f2f4e3937b99f44",
                "sha256:1ebc7961008f6926163d803ca42eec251e87e3601c16cfd7b95147d6ea8857a0",
                "sha256:2bc13c4566f34a255e7041633a358f4050b5ef0aefde957033f846429a957bb1",
                "sha256:3ca6e5f798121bb4c86214a480f74c9211d8d9def7081778083ed97502f37892",
                "sha256:3f5df96c52392d83fbf9abd47b542e01a9bcaacfb7ca40bae218701038b94c4b",
                "sha256:41103b814c4f1fed7f6d3c96a11426c35d20d0983e2534de1795c7e4481efc14",
                "sha256:53e06515eae75baa7c6ad0a205206fa1835f5d57d9afb1996ed0b49f31133d8f",
                "sha256:56c03426f48107624c16ce13ecf689a55d7c5b170dd0096bda6494f1d52b5fa5",
                "sha256:695561d683da3c0d7f009d700e860a885d8dd2ded487fcbfe444c3e54c6bdfb5",
                "sha256:69a6e0781ea419efb4340b26c65edf977e18a4c9d296d82ecc733efc3f9ca082",
                "sha256:6bf3d32db2b3d9da0ffb2d988bb6d75e86afd6b54a51a6828d4a7ba98117ab7a",
                "sha256:74c2467f8c755076e49416e6c07d195bdfc06ea39b6143ceda19460e0d8c9e0b",
                "sha256:859421aded539f96c022c289120db21cf7e9dadf59652e52dcc18d87c5cd70e4",
                "sha256:884857528ad1d710f44429cc78c580ee5c51f0a5bbb205a4ed10012d722cfde5",
                "sha256:95601f4fb95336fb0ccd7c93dba5888760fb8ff614aba8a255176722ce03e7d9",
                "sha256:9efe874383b159a06a5b7845dbca4dfa8ba7d620bc9c0d2fd2e6e52b74ab6890",
                "sha256:a24729c714eeaa1a6c29df3ffb6e1928d2f4b7556a5790728fa5ab766dcd153d",
                "sha256:a9acfa5c79229086b38bb710adf3a3588b7c5c5949f1053898762a484ceed2aa",
                "sha256:bb41e103381981404bee82cf884c56b22633e7c8d29984c1bb2aa1bbe32f6a06",
                "sha256:bdc1521ee7e197e8019b80abc8039790a170c6ea1b76f091fbe424a56327afbf",
                "sha256:bfc2efde7474bcd406c12830a30099a6fec129114aa670063ba95b1989bafe6b",
                "sha256:cb23db770935eb63c99961862fca21a8daef394cc570e928a780d657d91506a6",
                "sha256:cf1ede8cf5aaa6ba714604a4a9bd22238499b40489caee2ad59c0c9e9c741a44",
                "sha256:cfbb53a2c6a9de22884baec878ed7847229e9e2060fe221951290dd5cbb91867",
                "sha256:d69aecb47550e2c50b05db889546b8c5b780336057cbd9771a2ac20a04118fb5",
                "sha256:dc52a622d4ec6accb2179a405553aaac61157e2691b16b33563498c5c7d9ee51",
                "sha256:ff94f4f48533f827b0f9d589f6a38a28aa0fd4ca8a9ba3c4ee50f31f1ce5ad14"
            ],
            "index": "pypi",
            "version": "==1.2.4"
        }
    },
    "develop": {}
}
