{
    "_meta": {
        "hash": {
            "sha256": "ef810e09bdd9a75f4437e0be45ff6dd26e52bb1ba8b7b429fda89aa6c9c5e3d5"
        },
        "pipfile-spec": 6,
        "requires": {
            "python_version": "3.6"
        },
        "sources": [
            {
                "name": "pypi",
                "url": "https://pypi.org/simple",
                "verify_ssl": true
            }
        ]
    },
    "default": {
        "pydicom": {
            "hashes": [
                "sha256:9488495a9f3e202d1219f7cb165aee0de31efd512d938c0226d34147ce860391",
                "sha256:f315ba2296346f4f9913c269618201e170b9326362e2ada6041ca91b7cb2117b"
            ],
            "index": "pypi",
            "version": "==1.4.2"
        }
    },
    "develop": {}
}
